
Microsoft Visual Studio Solution File, Format Version 12.00
# Visual Studio Version 17
VisualStudioVersion = 17.0.31903.59
MinimumVisualStudioVersion = 10.0.40219.1
Project("{FAE04EC0-301F-11D3-BF4B-00C04F79EFBC}") = "Task 1", "Task 1\Task 1.csproj", "{D41331D4-9FFC-4521-A928-C03B95CA09E5}"
EndProject
Project("{FAE04EC0-301F-11D3-BF4B-00C04F79EFBC}") = "Task 2", "Task 2\Task 2.csproj", "{2517F467-F661-4142-AD29-65F932588D54}"
EndProject
Project("{FAE04EC0-301F-11D3-BF4B-00C04F79EFBC}") = "Task 3", "Task 3\Task 3.csproj", "{55ECFA0D-F1D1-44B1-AB5C-679F80413E06}"
EndProject
Project("{FAE04EC0-301F-11D3-BF4B-00C04F79EFBC}") = "Task 4", "Task 4\Task 4.csproj", "{81FB4C6F-1E22-4F6F-8086-E55185220021}"
EndProject
Project("{FAE04EC0-301F-11D3-BF4B-00C04F79EFBC}") = "Task 5", "Task 5\Task 5.csproj", "{B33D0A01-1BEB-47B0-BCC0-1664E30CB122}"
EndProject
Project("{FAE04EC0-301F-11D3-BF4B-00C04F79EFBC}") = "Task 6", "Task 6\Task 6.csproj", "{936288EA-B632-4A2C-855B-7CB8ADED7E8D}"
EndProject
Global
	GlobalSection(SolutionConfigurationPlatforms) = preSolution
		Debug|Any CPU = Debug|Any CPU
		Debug|x64 = Debug|x64
		Debug|x86 = Debug|x86
		Release|Any CPU = Release|Any CPU
		Release|x64 = Release|x64
		Release|x86 = Release|x86
	EndGlobalSection
	GlobalSection(ProjectConfigurationPlatforms) = postSolution
		{D41331D4-9FFC-4521-A928-C03B95CA09E5}.Debug|Any CPU.ActiveCfg = Debug|Any CPU
		{D41331D4-9FFC-4521-A928-C03B95CA09E5}.Debug|Any CPU.Build.0 = Debug|Any CPU
		{D41331D4-9FFC-4521-A928-C03B95CA09E5}.Debug|x64.ActiveCfg = Debug|Any CPU
		{D41331D4-9FFC-4521-A928-C03B95CA09E5}.Debug|x64.Build.0 = Debug|Any CPU
		{D41331D4-9FFC-4521-A928-C03B95CA09E5}.Debug|x86.ActiveCfg = Debug|Any CPU
		{D41331D4-9FFC-4521-A928-C03B95CA09E5}.Debug|x86.Build.0 = Debug|Any CPU
		{D41331D4-9FFC-4521-A928-C03B95CA09E5}.Release|Any CPU.ActiveCfg = Release|Any CPU
		{D41331D4-9FFC-4521-A928-C03B95CA09E5}.Release|Any CPU.Build.0 = Release|Any CPU
		{D41331D4-9FFC-4521-A928-C03B95CA09E5}.Release|x64.ActiveCfg = Release|Any CPU
		{D41331D4-9FFC-4521-A928-C03B95CA09E5}.Release|x64.Build.0 = Release|Any CPU
		{D41331D4-9FFC-4521-A928-C03B95CA09E5}.Release|x86.ActiveCfg = Release|Any CPU
		{D41331D4-9FFC-4521-A928-C03B95CA09E5}.Release|x86.Build.0 = Release|Any CPU
		{2517F467-F661-4142-AD29-65F932588D54}.Debug|Any CPU.ActiveCfg = Debug|Any CPU
		{2517F467-F661-4142-AD29-65F932588D54}.Debug|Any CPU.Build.0 = Debug|Any CPU
		{2517F467-F661-4142-AD29-65F932588D54}.Debug|x64.ActiveCfg = Debug|Any CPU
		{2517F467-F661-4142-AD29-65F932588D54}.Debug|x64.Build.0 = Debug|Any CPU
		{2517F467-F661-4142-AD29-65F932588D54}.Debug|x86.ActiveCfg = Debug|Any CPU
		{2517F467-F661-4142-AD29-65F932588D54}.Debug|x86.Build.0 = Debug|Any CPU
		{2517F467-F661-4142-AD29-65F932588D54}.Release|Any CPU.ActiveCfg = Release|Any CPU
		{2517F467-F661-4142-AD29-65F932588D54}.Release|Any CPU.Build.0 = Release|Any CPU
		{2517F467-F661-4142-AD29-65F932588D54}.Release|x64.ActiveCfg = Release|Any CPU
		{2517F467-F661-4142-AD29-65F932588D54}.Release|x64.Build.0 = Release|Any CPU
		{2517F467-F661-4142-AD29-65F932588D54}.Release|x86.ActiveCfg = Release|Any CPU
		{2517F467-F661-4142-AD29-65F932588D54}.Release|x86.Build.0 = Release|Any CPU
		{55ECFA0D-F1D1-44B1-AB5C-679F80413E06}.Debug|Any CPU.ActiveCfg = Debug|Any CPU
		{55ECFA0D-F1D1-44B1-AB5C-679F80413E06}.Debug|Any CPU.Build.0 = Debug|Any CPU
		{55ECFA0D-F1D1-44B1-AB5C-679F80413E06}.Debug|x64.ActiveCfg = Debug|Any CPU
		{55ECFA0D-F1D1-44B1-AB5C-679F80413E06}.Debug|x64.Build.0 = Debug|Any CPU
		{55ECFA0D-F1D1-44B1-AB5C-679F80413E06}.Debug|x86.ActiveCfg = Debug|Any CPU
		{55ECFA0D-F1D1-44B1-AB5C-679F80413E06}.Debug|x86.Build.0 = Debug|Any CPU
		{55ECFA0D-F1D1-44B1-AB5C-679F80413E06}.Release|Any CPU.ActiveCfg = Release|Any CPU
		{55ECFA0D-F1D1-44B1-AB5C-679F80413E06}.Release|Any CPU.Build.0 = Release|Any CPU
		{55ECFA0D-F1D1-44B1-AB5C-679F80413E06}.Release|x64.ActiveCfg = Release|Any CPU
		{55ECFA0D-F1D1-44B1-AB5C-679F80413E06}.Release|x64.Build.0 = Release|Any CPU
		{55ECFA0D-F1D1-44B1-AB5C-679F80413E06}.Release|x86.ActiveCfg = Release|Any CPU
		{55ECFA0D-F1D1-44B1-AB5C-679F80413E06}.Release|x86.Build.0 = Release|Any CPU
		{81FB4C6F-1E22-4F6F-8086-E55185220021}.Debug|Any CPU.ActiveCfg = Debug|Any CPU
		{81FB4C6F-1E22-4F6F-8086-E55185220021}.Debug|Any CPU.Build.0 = Debug|Any CPU
		{81FB4C6F-1E22-4F6F-8086-E55185220021}.Debug|x64.ActiveCfg = Debug|Any CPU
		{81FB4C6F-1E22-4F6F-8086-E55185220021}.Debug|x64.Build.0 = Debug|Any CPU
		{81FB4C6F-1E22-4F6F-8086-E55185220021}.Debug|x86.ActiveCfg = Debug|Any CPU
		{81FB4C6F-1E22-4F6F-8086-E55185220021}.Debug|x86.Build.0 = Debug|Any CPU
		{81FB4C6F-1E22-4F6F-8086-E55185220021}.Release|Any CPU.ActiveCfg = Release|Any CPU
		{81FB4C6F-1E22-4F6F-8086-E55185220021}.Release|Any CPU.Build.0 = Release|Any CPU
		{81FB4C6F-1E22-4F6F-8086-E55185220021}.Release|x64.ActiveCfg = Release|Any CPU
		{81FB4C6F-1E22-4F6F-8086-E55185220021}.Release|x64.Build.0 = Release|Any CPU
		{81FB4C6F-1E22-4F6F-8086-E55185220021}.Release|x86.ActiveCfg = Release|Any CPU
		{81FB4C6F-1E22-4F6F-8086-E55185220021}.Release|x86.Build.0 = Release|Any CPU
		{B33D0A01-1BEB-47B0-BCC0-1664E30CB122}.Debug|Any CPU.ActiveCfg = Debug|Any CPU
		{B33D0A01-1BEB-47B0-BCC0-1664E30CB122}.Debug|Any CPU.Build.0 = Debug|Any CPU
		{B33D0A01-1BEB-47B0-BCC0-1664E30CB122}.Debug|x64.ActiveCfg = Debug|Any CPU
		{B33D0A01-1BEB-47B0-BCC0-1664E30CB122}.Debug|x64.Build.0 = Debug|Any CPU
		{B33D0A01-1BEB-47B0-BCC0-1664E30CB122}.Debug|x86.ActiveCfg = Debug|Any CPU
		{B33D0A01-1BEB-47B0-BCC0-1664E30CB122}.Debug|x86.Build.0 = Debug|Any CPU
		{B33D0A01-1BEB-47B0-BCC0-1664E30CB122}.Release|Any CPU.ActiveCfg = Release|Any CPU
		{B33D0A01-1BEB-47B0-BCC0-1664E30CB122}.Release|Any CPU.Build.0 = Release|Any CPU
		{B33D0A01-1BEB-47B0-BCC0-1664E30CB122}.Release|x64.ActiveCfg = Release|Any CPU
		{B33D0A01-1BEB-47B0-BCC0-1664E30CB122}.Release|x64.Build.0 = Release|Any CPU
		{B33D0A01-1BEB-47B0-BCC0-1664E30CB122}.Release|x86.ActiveCfg = Release|Any CPU
		{B33D0A01-1BEB-47B0-BCC0-1664E30CB122}.Release|x86.Build.0 = Release|Any CPU
		{936288EA-B632-4A2C-855B-7CB8ADED7E8D}.Debug|Any CPU.ActiveCfg = Debug|Any CPU
		{936288EA-B632-4A2C-855B-7CB8ADED7E8D}.Debug|Any CPU.Build.0 = Debug|Any CPU
		{936288EA-B632-4A2C-855B-7CB8ADED7E8D}.Debug|x64.ActiveCfg = Debug|Any CPU
		{936288EA-B632-4A2C-855B-7CB8ADED7E8D}.Debug|x64.Build.0 = Debug|Any CPU
		{936288EA-B632-4A2C-855B-7CB8ADED7E8D}.Debug|x86.ActiveCfg = Debug|Any CPU
		{936288EA-B632-4A2C-855B-7CB8ADED7E8D}.Debug|x86.Build.0 = Debug|Any CPU
		{936288EA-B632-4A2C-855B-7CB8ADED7E8D}.Release|Any CPU.ActiveCfg = Release|Any CPU
		{936288EA-B632-4A2C-855B-7CB8ADED7E8D}.Release|Any CPU.Build.0 = Release|Any CPU
		{936288EA-B632-4A2C-855B-7CB8ADED7E8D}.Release|x64.ActiveCfg = Release|Any CPU
		{936288EA-B632-4A2C-855B-7CB8ADED7E8D}.Release|x64.Build.0 = Release|Any CPU
		{936288EA-B632-4A2C-855B-7CB8ADED7E8D}.Release|x86.ActiveCfg = Release|Any CPU
		{936288EA-B632-4A2C-855B-7CB8ADED7E8D}.Release|x86.Build.0 = Release|Any CPU
	EndGlobalSection
	GlobalSection(SolutionProperties) = preSolution
		HideSolutionNode = FALSE
	EndGlobalSection
EndGlobal
